
Microsoft Visual Studio Solution File, Format Version 12.00
# Visual Studio 15
VisualStudioVersion = 15.0.27130.2020
MinimumVisualStudioVersion = 10.0.40219.1
Project("{FAE04EC0-301F-11D3-BF4B-00C04F79EFBC}") = "face-o-maton", "face-o-maton\face-o-maton.csproj", "{CB8E667B-C294-41EC-BFAF-5E3F18B11512}"
EndProject
Project("{FAE04EC0-301F-11D3-BF4B-00C04F79EFBC}") = "FacesPrinterInterface", "FacesPrinterInterface\FacesPrinterInterface.csproj", "{91C2B8AD-BBAF-46D6-B32D-04655D897042}"
EndProject
Project("{FAE04EC0-301F-11D3-BF4B-00C04F79EFBC}") = "FacesPrinterx86", "FacesPrinterx86\FacesPrinterx86.csproj", "{D4992FCB-BB93-4D62-867D-716AB5D7A39D}"
EndProject
Project("{FAE04EC0-301F-11D3-BF4B-00C04F79EFBC}") = "FacesProj", "FacesProj\FacesProj.csproj", "{6D5FE215-EC8C-47C8-A7EB-6530D62670AD}"
EndProject
Project("{FAE04EC0-301F-11D3-BF4B-00C04F79EFBC}") = "InterfaceProj", "InterfaceImage\InterfaceProj.csproj", "{1C0E6D07-80A4-4BC3-A6E5-4C0ACF388AA3}"
EndProject
Project("{FAE04EC0-301F-11D3-BF4B-00C04F79EFBC}") = "PopProj", "PopProj\PopProj.csproj", "{71BBCF5B-0382-48B3-9B40-9BE8AB20EBA1}"
EndProject
Project("{FAE04EC0-301F-11D3-BF4B-00C04F79EFBC}") = "SoundLib", "SoundLib\SoundLib.csproj", "{EE87417E-8E53-4854-A897-5B72524755AB}"
EndProject
Project("{FAE04EC0-301F-11D3-BF4B-00C04F79EFBC}") = "SoundSyncInterface", "SoundSyncInterface\SoundSyncInterface.csproj", "{FED40485-192D-4B6B-B6A1-C006599BBD75}"
EndProject
Project("{FAE04EC0-301F-11D3-BF4B-00C04F79EFBC}") = "SoundSyncx86", "SoundSyncx86\SoundSyncx86.csproj", "{4720F728-D4F3-436B-BFD8-C44526FA3D9C}"
EndProject
Project("{FAE04EC0-301F-11D3-BF4B-00C04F79EFBC}") = "StarProj", "StarProj\StarProj.csproj", "{C3673C50-BD78-461B-AD94-AE376D02F804}"
EndProject
Global
	GlobalSection(SolutionConfigurationPlatforms) = preSolution
		Capture.Workflow|Any CPU = Capture.Workflow|Any CPU
		Capture.Workflow|x64 = Capture.Workflow|x64
		Capture.Workflow|x86 = Capture.Workflow|x86
		Debug|Any CPU = Debug|Any CPU
		Debug|x64 = Debug|x64
		Debug|x86 = Debug|x86
		Release|Any CPU = Release|Any CPU
		Release|x64 = Release|x64
		Release|x86 = Release|x86
	EndGlobalSection
	GlobalSection(ProjectConfigurationPlatforms) = postSolution
		{CB8E667B-C294-41EC-BFAF-5E3F18B11512}.Capture.Workflow|Any CPU.ActiveCfg = Release|Any CPU
		{CB8E667B-C294-41EC-BFAF-5E3F18B11512}.Capture.Workflow|Any CPU.Build.0 = Release|Any CPU
		{CB8E667B-C294-41EC-BFAF-5E3F18B11512}.Capture.Workflow|x64.ActiveCfg = Release|Any CPU
		{CB8E667B-C294-41EC-BFAF-5E3F18B11512}.Capture.Workflow|x64.Build.0 = Release|Any CPU
		{CB8E667B-C294-41EC-BFAF-5E3F18B11512}.Capture.Workflow|x86.ActiveCfg = Release|Any CPU
		{CB8E667B-C294-41EC-BFAF-5E3F18B11512}.Capture.Workflow|x86.Build.0 = Release|Any CPU
		{CB8E667B-C294-41EC-BFAF-5E3F18B11512}.Debug|Any CPU.ActiveCfg = Debug|Any CPU
		{CB8E667B-C294-41EC-BFAF-5E3F18B11512}.Debug|Any CPU.Build.0 = Debug|Any CPU
		{CB8E667B-C294-41EC-BFAF-5E3F18B11512}.Debug|x64.ActiveCfg = Debug|Any CPU
		{CB8E667B-C294-41EC-BFAF-5E3F18B11512}.Debug|x64.Build.0 = Debug|Any CPU
		{CB8E667B-C294-41EC-BFAF-5E3F18B11512}.Debug|x86.ActiveCfg = Debug|Any CPU
		{CB8E667B-C294-41EC-BFAF-5E3F18B11512}.Debug|x86.Build.0 = Debug|Any CPU
		{CB8E667B-C294-41EC-BFAF-5E3F18B11512}.Release|Any CPU.ActiveCfg = Release|Any CPU
		{CB8E667B-C294-41EC-BFAF-5E3F18B11512}.Release|Any CPU.Build.0 = Release|Any CPU
		{CB8E667B-C294-41EC-BFAF-5E3F18B11512}.Release|x64.ActiveCfg = Release|Any CPU
		{CB8E667B-C294-41EC-BFAF-5E3F18B11512}.Release|x64.Build.0 = Release|Any CPU
		{CB8E667B-C294-41EC-BFAF-5E3F18B11512}.Release|x86.ActiveCfg = Release|Any CPU
		{CB8E667B-C294-41EC-BFAF-5E3F18B11512}.Release|x86.Build.0 = Release|Any CPU
		{91C2B8AD-BBAF-46D6-B32D-04655D897042}.Capture.Workflow|Any CPU.ActiveCfg = Release|Any CPU
		{91C2B8AD-BBAF-46D6-B32D-04655D897042}.Capture.Workflow|Any CPU.Build.0 = Release|Any CPU
		{91C2B8AD-BBAF-46D6-B32D-04655D897042}.Capture.Workflow|x64.ActiveCfg = Release|Any CPU
		{91C2B8AD-BBAF-46D6-B32D-04655D897042}.Capture.Workflow|x64.Build.0 = Release|Any CPU
		{91C2B8AD-BBAF-46D6-B32D-04655D897042}.Capture.Workflow|x86.ActiveCfg = Release|Any CPU
		{91C2B8AD-BBAF-46D6-B32D-04655D897042}.Capture.Workflow|x86.Build.0 = Release|Any CPU
		{91C2B8AD-BBAF-46D6-B32D-04655D897042}.Debug|Any CPU.ActiveCfg = Debug|Any CPU
		{91C2B8AD-BBAF-46D6-B32D-04655D897042}.Debug|Any CPU.Build.0 = Debug|Any CPU
		{91C2B8AD-BBAF-46D6-B32D-04655D897042}.Debug|x64.ActiveCfg = Debug|Any CPU
		{91C2B8AD-BBAF-46D6-B32D-04655D897042}.Debug|x64.Build.0 = Debug|Any CPU
		{91C2B8AD-BBAF-46D6-B32D-04655D897042}.Debug|x86.ActiveCfg = Debug|Any CPU
		{91C2B8AD-BBAF-46D6-B32D-04655D897042}.Debug|x86.Build.0 = Debug|Any CPU
		{91C2B8AD-BBAF-46D6-B32D-04655D897042}.Release|Any CPU.ActiveCfg = Release|Any CPU
		{91C2B8AD-BBAF-46D6-B32D-04655D897042}.Release|Any CPU.Build.0 = Release|Any CPU
		{91C2B8AD-BBAF-46D6-B32D-04655D897042}.Release|x64.ActiveCfg = Release|Any CPU
		{91C2B8AD-BBAF-46D6-B32D-04655D897042}.Release|x64.Build.0 = Release|Any CPU
		{91C2B8AD-BBAF-46D6-B32D-04655D897042}.Release|x86.ActiveCfg = Release|Any CPU
		{91C2B8AD-BBAF-46D6-B32D-04655D897042}.Release|x86.Build.0 = Release|Any CPU
		{D4992FCB-BB93-4D62-867D-716AB5D7A39D}.Capture.Workflow|Any CPU.ActiveCfg = Release|Any CPU
		{D4992FCB-BB93-4D62-867D-716AB5D7A39D}.Capture.Workflow|Any CPU.Build.0 = Release|Any CPU
		{D4992FCB-BB93-4D62-867D-716AB5D7A39D}.Capture.Workflow|x64.ActiveCfg = Release|Any CPU
		{D4992FCB-BB93-4D62-867D-716AB5D7A39D}.Capture.Workflow|x64.Build.0 = Release|Any CPU
		{D4992FCB-BB93-4D62-867D-716AB5D7A39D}.Capture.Workflow|x86.ActiveCfg = Release|x86
		{D4992FCB-BB93-4D62-867D-716AB5D7A39D}.Capture.Workflow|x86.Build.0 = Release|x86
		{D4992FCB-BB93-4D62-867D-716AB5D7A39D}.Debug|Any CPU.ActiveCfg = Debug|Any CPU
		{D4992FCB-BB93-4D62-867D-716AB5D7A39D}.Debug|Any CPU.Build.0 = Debug|Any CPU
		{D4992FCB-BB93-4D62-867D-716AB5D7A39D}.Debug|x64.ActiveCfg = Debug|Any CPU
		{D4992FCB-BB93-4D62-867D-716AB5D7A39D}.Debug|x64.Build.0 = Debug|Any CPU
		{D4992FCB-BB93-4D62-867D-716AB5D7A39D}.Debug|x86.ActiveCfg = Debug|x86
		{D4992FCB-BB93-4D62-867D-716AB5D7A39D}.Debug|x86.Build.0 = Debug|x86
		{D4992FCB-BB93-4D62-867D-716AB5D7A39D}.Release|Any CPU.ActiveCfg = Release|Any CPU
		{D4992FCB-BB93-4D62-867D-716AB5D7A39D}.Release|Any CPU.Build.0 = Release|Any CPU
		{D4992FCB-BB93-4D62-867D-716AB5D7A39D}.Release|x64.ActiveCfg = Release|Any CPU
		{D4992FCB-BB93-4D62-867D-716AB5D7A39D}.Release|x64.Build.0 = Release|Any CPU
		{D4992FCB-BB93-4D62-867D-716AB5D7A39D}.Release|x86.ActiveCfg = Release|x86
		{D4992FCB-BB93-4D62-867D-716AB5D7A39D}.Release|x86.Build.0 = Release|x86
		{6D5FE215-EC8C-47C8-A7EB-6530D62670AD}.Capture.Workflow|Any CPU.ActiveCfg = Release|Any CPU
		{6D5FE215-EC8C-47C8-A7EB-6530D62670AD}.Capture.Workflow|Any CPU.Build.0 = Release|Any CPU
		{6D5FE215-EC8C-47C8-A7EB-6530D62670AD}.Capture.Workflow|x64.ActiveCfg = Release|Any CPU
		{6D5FE215-EC8C-47C8-A7EB-6530D62670AD}.Capture.Workflow|x64.Build.0 = Release|Any CPU
		{6D5FE215-EC8C-47C8-A7EB-6530D62670AD}.Capture.Workflow|x86.ActiveCfg = Release|Any CPU
		{6D5FE215-EC8C-47C8-A7EB-6530D62670AD}.Capture.Workflow|x86.Build.0 = Release|Any CPU
		{6D5FE215-EC8C-47C8-A7EB-6530D62670AD}.Debug|Any CPU.ActiveCfg = Debug|Any CPU
		{6D5FE215-EC8C-47C8-A7EB-6530D62670AD}.Debug|Any CPU.Build.0 = Debug|Any CPU
		{6D5FE215-EC8C-47C8-A7EB-6530D62670AD}.Debug|x64.ActiveCfg = Debug|Any CPU
		{6D5FE215-EC8C-47C8-A7EB-6530D62670AD}.Debug|x64.Build.0 = Debug|Any CPU
		{6D5FE215-EC8C-47C8-A7EB-6530D62670AD}.Debug|x86.ActiveCfg = Debug|Any CPU
		{6D5FE215-EC8C-47C8-A7EB-6530D62670AD}.Debug|x86.Build.0 = Debug|Any CPU
		{6D5FE215-EC8C-47C8-A7EB-6530D62670AD}.Release|Any CPU.ActiveCfg = Release|Any CPU
		{6D5FE215-EC8C-47C8-A7EB-6530D62670AD}.Release|Any CPU.Build.0 = Release|Any CPU
		{6D5FE215-EC8C-47C8-A7EB-6530D62670AD}.Release|x64.ActiveCfg = Release|Any CPU
		{6D5FE215-EC8C-47C8-A7EB-6530D62670AD}.Release|x64.Build.0 = Release|Any CPU
		{6D5FE215-EC8C-47C8-A7EB-6530D62670AD}.Release|x86.ActiveCfg = Release|Any CPU
		{6D5FE215-EC8C-47C8-A7EB-6530D62670AD}.Release|x86.Build.0 = Release|Any CPU
		{1C0E6D07-80A4-4BC3-A6E5-4C0ACF388AA3}.Capture.Workflow|Any CPU.ActiveCfg = Release|Any CPU
		{1C0E6D07-80A4-4BC3-A6E5-4C0ACF388AA3}.Capture.Workflow|Any CPU.Build.0 = Release|Any CPU
		{1C0E6D07-80A4-4BC3-A6E5-4C0ACF388AA3}.Capture.Workflow|x64.ActiveCfg = Release|Any CPU
		{1C0E6D07-80A4-4BC3-A6E5-4C0ACF388AA3}.Capture.Workflow|x64.Build.0 = Release|Any CPU
		{1C0E6D07-80A4-4BC3-A6E5-4C0ACF388AA3}.Capture.Workflow|x86.ActiveCfg = Release|Any CPU
		{1C0E6D07-80A4-4BC3-A6E5-4C0ACF388AA3}.Capture.Workflow|x86.Build.0 = Release|Any CPU
		{1C0E6D07-80A4-4BC3-A6E5-4C0ACF388AA3}.Debug|Any CPU.ActiveCfg = Debug|Any CPU
		{1C0E6D07-80A4-4BC3-A6E5-4C0ACF388AA3}.Debug|Any CPU.Build.0 = Debug|Any CPU
		{1C0E6D07-80A4-4BC3-A6E5-4C0ACF388AA3}.Debug|x64.ActiveCfg = Debug|Any CPU
		{1C0E6D07-80A4-4BC3-A6E5-4C0ACF388AA3}.Debug|x64.Build.0 = Debug|Any CPU
		{1C0E6D07-80A4-4BC3-A6E5-4C0ACF388AA3}.Debug|x86.ActiveCfg = Debug|Any CPU
		{1C0E6D07-80A4-4BC3-A6E5-4C0ACF388AA3}.Debug|x86.Build.0 = Debug|Any CPU
		{1C0E6D07-80A4-4BC3-A6E5-4C0ACF388AA3}.Release|Any CPU.ActiveCfg = Release|Any CPU
		{1C0E6D07-80A4-4BC3-A6E5-4C0ACF388AA3}.Release|Any CPU.Build.0 = Release|Any CPU
		{1C0E6D07-80A4-4BC3-A6E5-4C0ACF388AA3}.Release|x64.ActiveCfg = Release|Any CPU
		{1C0E6D07-80A4-4BC3-A6E5-4C0ACF388AA3}.Release|x64.Build.0 = Release|Any CPU
		{1C0E6D07-80A4-4BC3-A6E5-4C0ACF388AA3}.Release|x86.ActiveCfg = Release|Any CPU
		{1C0E6D07-80A4-4BC3-A6E5-4C0ACF388AA3}.Release|x86.Build.0 = Release|Any CPU
		{71BBCF5B-0382-48B3-9B40-9BE8AB20EBA1}.Capture.Workflow|Any CPU.ActiveCfg = Release|Any CPU
		{71BBCF5B-0382-48B3-9B40-9BE8AB20EBA1}.Capture.Workflow|Any CPU.Build.0 = Release|Any CPU
		{71BBCF5B-0382-48B3-9B40-9BE8AB20EBA1}.Capture.Workflow|x64.ActiveCfg = Release|Any CPU
		{71BBCF5B-0382-48B3-9B40-9BE8AB20EBA1}.Capture.Workflow|x64.Build.0 = Release|Any CPU
		{71BBCF5B-0382-48B3-9B40-9BE8AB20EBA1}.Capture.Workflow|x86.ActiveCfg = Release|Any CPU
		{71BBCF5B-0382-48B3-9B40-9BE8AB20EBA1}.Capture.Workflow|x86.Build.0 = Release|Any CPU
		{71BBCF5B-0382-48B3-9B40-9BE8AB20EBA1}.Debug|Any CPU.ActiveCfg = Debug|Any CPU
		{71BBCF5B-0382-48B3-9B40-9BE8AB20EBA1}.Debug|Any CPU.Build.0 = Debug|Any CPU
		{71BBCF5B-0382-48B3-9B40-9BE8AB20EBA1}.Debug|x64.ActiveCfg = Debug|Any CPU
		{71BBCF5B-0382-48B3-9B40-9BE8AB20EBA1}.Debug|x64.Build.0 = Debug|Any CPU
		{71BBCF5B-0382-48B3-9B40-9BE8AB20EBA1}.Debug|x86.ActiveCfg = Debug|Any CPU
		{71BBCF5B-0382-48B3-9B40-9BE8AB20EBA1}.Debug|x86.Build.0 = Debug|Any CPU
		{71BBCF5B-0382-48B3-9B40-9BE8AB20EBA1}.Release|Any CPU.ActiveCfg = Release|Any CPU
		{71BBCF5B-0382-48B3-9B40-9BE8AB20EBA1}.Release|Any CPU.Build.0 = Release|Any CPU
		{71BBCF5B-0382-48B3-9B40-9BE8AB20EBA1}.Release|x64.ActiveCfg = Release|Any CPU
		{71BBCF5B-0382-48B3-9B40-9BE8AB20EBA1}.Release|x64.Build.0 = Release|Any CPU
		{71BBCF5B-0382-48B3-9B40-9BE8AB20EBA1}.Release|x86.ActiveCfg = Release|Any CPU
		{71BBCF5B-0382-48B3-9B40-9BE8AB20EBA1}.Release|x86.Build.0 = Release|Any CPU
		{EE87417E-8E53-4854-A897-5B72524755AB}.Capture.Workflow|Any CPU.ActiveCfg = Release|Any CPU
		{EE87417E-8E53-4854-A897-5B72524755AB}.Capture.Workflow|Any CPU.Build.0 = Release|Any CPU
		{EE87417E-8E53-4854-A897-5B72524755AB}.Capture.Workflow|x64.ActiveCfg = Release|Any CPU
		{EE87417E-8E53-4854-A897-5B72524755AB}.Capture.Workflow|x64.Build.0 = Release|Any CPU
		{EE87417E-8E53-4854-A897-5B72524755AB}.Capture.Workflow|x86.ActiveCfg = Release|Any CPU
		{EE87417E-8E53-4854-A897-5B72524755AB}.Capture.Workflow|x86.Build.0 = Release|Any CPU
		{EE87417E-8E53-4854-A897-5B72524755AB}.Debug|Any CPU.ActiveCfg = Debug|Any CPU
		{EE87417E-8E53-4854-A897-5B72524755AB}.Debug|Any CPU.Build.0 = Debug|Any CPU
		{EE87417E-8E53-4854-A897-5B72524755AB}.Debug|x64.ActiveCfg = Debug|Any CPU
		{EE87417E-8E53-4854-A897-5B72524755AB}.Debug|x64.Build.0 = Debug|Any CPU
		{EE87417E-8E53-4854-A897-5B72524755AB}.Debug|x86.ActiveCfg = Debug|Any CPU
		{EE87417E-8E53-4854-A897-5B72524755AB}.Debug|x86.Build.0 = Debug|Any CPU
		{EE87417E-8E53-4854-A897-5B72524755AB}.Release|Any CPU.ActiveCfg = Release|Any CPU
		{EE87417E-8E53-4854-A897-5B72524755AB}.Release|Any CPU.Build.0 = Release|Any CPU
		{EE87417E-8E53-4854-A897-5B72524755AB}.Release|x64.ActiveCfg = Release|Any CPU
		{EE87417E-8E53-4854-A897-5B72524755AB}.Release|x64.Build.0 = Release|Any CPU
		{EE87417E-8E53-4854-A897-5B72524755AB}.Release|x86.ActiveCfg = Release|Any CPU
		{EE87417E-8E53-4854-A897-5B72524755AB}.Release|x86.Build.0 = Release|Any CPU
		{FED40485-192D-4B6B-B6A1-C006599BBD75}.Capture.Workflow|Any CPU.ActiveCfg = Release|Any CPU
		{FED40485-192D-4B6B-B6A1-C006599BBD75}.Capture.Workflow|Any CPU.Build.0 = Release|Any CPU
		{FED40485-192D-4B6B-B6A1-C006599BBD75}.Capture.Workflow|x64.ActiveCfg = Release|Any CPU
		{FED40485-192D-4B6B-B6A1-C006599BBD75}.Capture.Workflow|x64.Build.0 = Release|Any CPU
		{FED40485-192D-4B6B-B6A1-C006599BBD75}.Capture.Workflow|x86.ActiveCfg = Release|Any CPU
		{FED40485-192D-4B6B-B6A1-C006599BBD75}.Capture.Workflow|x86.Build.0 = Release|Any CPU
		{FED40485-192D-4B6B-B6A1-C006599BBD75}.Debug|Any CPU.ActiveCfg = Debug|Any CPU
		{FED40485-192D-4B6B-B6A1-C006599BBD75}.Debug|Any CPU.Build.0 = Debug|Any CPU
		{FED40485-192D-4B6B-B6A1-C006599BBD75}.Debug|x64.ActiveCfg = Debug|Any CPU
		{FED40485-192D-4B6B-B6A1-C006599BBD75}.Debug|x64.Build.0 = Debug|Any CPU
		{FED40485-192D-4B6B-B6A1-C006599BBD75}.Debug|x86.ActiveCfg = Debug|Any CPU
		{FED40485-192D-4B6B-B6A1-C006599BBD75}.Debug|x86.Build.0 = Debug|Any CPU
		{FED40485-192D-4B6B-B6A1-C006599BBD75}.Release|Any CPU.ActiveCfg = Release|Any CPU
		{FED40485-192D-4B6B-B6A1-C006599BBD75}.Release|Any CPU.Build.0 = Release|Any CPU
		{FED40485-192D-4B6B-B6A1-C006599BBD75}.Release|x64.ActiveCfg = Release|Any CPU
		{FED40485-192D-4B6B-B6A1-C006599BBD75}.Release|x64.Build.0 = Release|Any CPU
		{FED40485-192D-4B6B-B6A1-C006599BBD75}.Release|x86.ActiveCfg = Release|Any CPU
		{FED40485-192D-4B6B-B6A1-C006599BBD75}.Release|x86.Build.0 = Release|Any CPU
		{4720F728-D4F3-436B-BFD8-C44526FA3D9C}.Capture.Workflow|Any CPU.ActiveCfg = Release|Any CPU
		{4720F728-D4F3-436B-BFD8-C44526FA3D9C}.Capture.Workflow|Any CPU.Build.0 = Release|Any CPU
		{4720F728-D4F3-436B-BFD8-C44526FA3D9C}.Capture.Workflow|x64.ActiveCfg = Release|Any CPU
		{4720F728-D4F3-436B-BFD8-C44526FA3D9C}.Capture.Workflow|x64.Build.0 = Release|Any CPU
		{4720F728-D4F3-436B-BFD8-C44526FA3D9C}.Capture.Workflow|x86.ActiveCfg = Release|x86
		{4720F728-D4F3-436B-BFD8-C44526FA3D9C}.Capture.Workflow|x86.Build.0 = Release|x86
		{4720F728-D4F3-436B-BFD8-C44526FA3D9C}.Debug|Any CPU.ActiveCfg = Debug|Any CPU
		{4720F728-D4F3-436B-BFD8-C44526FA3D9C}.Debug|Any CPU.Build.0 = Debug|Any CPU
		{4720F728-D4F3-436B-BFD8-C44526FA3D9C}.Debug|x64.ActiveCfg = Debug|Any CPU
		{4720F728-D4F3-436B-BFD8-C44526FA3D9C}.Debug|x64.Build.0 = Debug|Any CPU
		{4720F728-D4F3-436B-BFD8-C44526FA3D9C}.Debug|x86.ActiveCfg = Debug|x86
		{4720F728-D4F3-436B-BFD8-C44526FA3D9C}.Debug|x86.Build.0 = Debug|x86
		{4720F728-D4F3-436B-BFD8-C44526FA3D9C}.Release|Any CPU.ActiveCfg = Release|Any CPU
		{4720F728-D4F3-436B-BFD8-C44526FA3D9C}.Release|Any CPU.Build.0 = Release|Any CPU
		{4720F728-D4F3-436B-BFD8-C44526FA3D9C}.Release|x64.ActiveCfg = Release|Any CPU
		{4720F728-D4F3-436B-BFD8-C44526FA3D9C}.Release|x64.Build.0 = Release|Any CPU
		{4720F728-D4F3-436B-BFD8-C44526FA3D9C}.Release|x86.ActiveCfg = Release|x86
		{4720F728-D4F3-436B-BFD8-C44526FA3D9C}.Release|x86.Build.0 = Release|x86
		{C3673C50-BD78-461B-AD94-AE376D02F804}.Capture.Workflow|Any CPU.ActiveCfg = Release|Any CPU
		{C3673C50-BD78-461B-AD94-AE376D02F804}.Capture.Workflow|Any CPU.Build.0 = Release|Any CPU
		{C3673C50-BD78-461B-AD94-AE376D02F804}.Capture.Workflow|x64.ActiveCfg = Release|Any CPU
		{C3673C50-BD78-461B-AD94-AE376D02F804}.Capture.Workflow|x64.Build.0 = Release|Any CPU
		{C3673C50-BD78-461B-AD94-AE376D02F804}.Capture.Workflow|x86.ActiveCfg = Release|Any CPU
		{C3673C50-BD78-461B-AD94-AE376D02F804}.Capture.Workflow|x86.Build.0 = Release|Any CPU
		{C3673C50-BD78-461B-AD94-AE376D02F804}.Debug|Any CPU.ActiveCfg = Debug|Any CPU
		{C3673C50-BD78-461B-AD94-AE376D02F804}.Debug|Any CPU.Build.0 = Debug|Any CPU
		{C3673C50-BD78-461B-AD94-AE376D02F804}.Debug|x64.ActiveCfg = Debug|Any CPU
		{C3673C50-BD78-461B-AD94-AE376D02F804}.Debug|x64.Build.0 = Debug|Any CPU
		{C3673C50-BD78-461B-AD94-AE376D02F804}.Debug|x86.ActiveCfg = Debug|Any CPU
		{C3673C50-BD78-461B-AD94-AE376D02F804}.Debug|x86.Build.0 = Debug|Any CPU
		{C3673C50-BD78-461B-AD94-AE376D02F804}.Release|Any CPU.ActiveCfg = Release|Any CPU
		{C3673C50-BD78-461B-AD94-AE376D02F804}.Release|Any CPU.Build.0 = Release|Any CPU
		{C3673C50-BD78-461B-AD94-AE376D02F804}.Release|x64.ActiveCfg = Release|Any CPU
		{C3673C50-BD78-461B-AD94-AE376D02F804}.Release|x64.Build.0 = Release|Any CPU
		{C3673C50-BD78-461B-AD94-AE376D02F804}.Release|x86.ActiveCfg = Release|Any CPU
		{C3673C50-BD78-461B-AD94-AE376D02F804}.Release|x86.Build.0 = Release|Any CPU
	EndGlobalSection
	GlobalSection(SolutionProperties) = preSolution
		HideSolutionNode = FALSE
	EndGlobalSection
	GlobalSection(ExtensibilityGlobals) = postSolution
		SolutionGuid = {9398DE8A-B524-4CDA-B225-3A7D0C0B91E2}
	EndGlobalSection
EndGlobal
